
Microsoft Visual Studio Solution File, Format Version 12.00
# Visual Studio Version 16
VisualStudioVersion = 16.0.30002.166
MinimumVisualStudioVersion = 10.0.40219.1
Project("{FAE04EC0-301F-11D3-BF4B-00C04F79EFBC}") = "RebarSketch", "RebarSketch\RebarSketch.csproj", "{F9403064-2CB4-4784-A8BD-A6436E229DFB}"
EndProject
Global
	GlobalSection(SolutionConfigurationPlatforms) = preSolution
		R2017|Any CPU = R2017|Any CPU
		R2018|Any CPU = R2018|Any CPU
		R2019|Any CPU = R2019|Any CPU
		R2020|Any CPU = R2020|Any CPU
		R2021|Any CPU = R2021|Any CPU
		R2022|Any CPU = R2022|Any CPU
		R2023|Any CPU = R2023|Any CPU
		R2024|Any CPU = R2024|Any CPU
		R2025|Any CPU = R2025|Any CPU
	EndGlobalSection
	GlobalSection(ProjectConfigurationPlatforms) = postSolution
		{F9403064-2CB4-4784-A8BD-A6436E229DFB}.R2017|Any CPU.ActiveCfg = R2017|Any CPU
		{F9403064-2CB4-4784-A8BD-A6436E229DFB}.R2017|Any CPU.Build.0 = R2017|Any CPU
		{F9403064-2CB4-4784-A8BD-A6436E229DFB}.R2018|Any CPU.ActiveCfg = R2018|Any CPU
		{F9403064-2CB4-4784-A8BD-A6436E229DFB}.R2018|Any CPU.Build.0 = R2018|Any CPU
		{F9403064-2CB4-4784-A8BD-A6436E229DFB}.R2019|Any CPU.ActiveCfg = R2019|Any CPU
		{F9403064-2CB4-4784-A8BD-A6436E229DFB}.R2019|Any CPU.Build.0 = R2019|Any CPU
		{F9403064-2CB4-4784-A8BD-A6436E229DFB}.R2020|Any CPU.ActiveCfg = R2020|Any CPU
		{F9403064-2CB4-4784-A8BD-A6436E229DFB}.R2020|Any CPU.Build.0 = R2020|Any CPU
		{F9403064-2CB4-4784-A8BD-A6436E229DFB}.R2021|Any CPU.ActiveCfg = R2021|Any CPU
		{F9403064-2CB4-4784-A8BD-A6436E229DFB}.R2021|Any CPU.Build.0 = R2021|Any CPU
		{F9403064-2CB4-4784-A8BD-A6436E229DFB}.R2022|Any CPU.ActiveCfg = R2022|Any CPU
		{F9403064-2CB4-4784-A8BD-A6436E229DFB}.R2022|Any CPU.Build.0 = R2022|Any CPU
		{F9403064-2CB4-4784-A8BD-A6436E229DFB}.R2023|Any CPU.ActiveCfg = R2023|Any CPU
		{F9403064-2CB4-4784-A8BD-A6436E229DFB}.R2023|Any CPU.Build.0 = R2023|Any CPU
		{F9403064-2CB4-4784-A8BD-A6436E229DFB}.R2024|Any CPU.ActiveCfg = R2024|Any CPU
		{F9403064-2CB4-4784-A8BD-A6436E229DFB}.R2024|Any CPU.Build.0 = R2024|Any CPU
		{F9403064-2CB4-4784-A8BD-A6436E229DFB}.R2025|Any CPU.ActiveCfg = R2025|Any CPU
		{F9403064-2CB4-4784-A8BD-A6436E229DFB}.R2025|Any CPU.Build.0 = R2025|Any CPU
	EndGlobalSection
	GlobalSection(SolutionProperties) = preSolution
		HideSolutionNode = FALSE
	EndGlobalSection
	GlobalSection(ExtensibilityGlobals) = postSolution
		SolutionGuid = {4F3EA68A-5861-4CD0-B543-26C9A88A066F}
	EndGlobalSection
EndGlobal
